
Microsoft Visual Studio Solution File, Format Version 12.00
# Visual Studio 15
VisualStudioVersion = 15.0.27703.2018
MinimumVisualStudioVersion = 10.0.40219.1
Project("{FAE04EC0-301F-11D3-BF4B-00C04F79EFBC}") = "Vic.CSharp.Week4.AlexGao", "Vic.CSharp.Week4.AlexGao\Vic.CSharp.Week4.AlexGao.csproj", "{3AB69BCA-1AA9-4635-981D-6DDAED355138}"
EndProject
Project("{FAE04EC0-301F-11D3-BF4B-00C04F79EFBC}") = "Vic.CSharp.Week4.Discount.AlexGao", "Vic.CSharp.Week4.Discount.AlexGao\Vic.CSharp.Week4.Discount.AlexGao.csproj", "{23BE6DEB-8712-407B-B332-A0A83DE70180}"
EndProject
Global
	GlobalSection(SolutionConfigurationPlatforms) = preSolution
		Debug|Any CPU = Debug|Any CPU
		Release|Any CPU = Release|Any CPU
	EndGlobalSection
	GlobalSection(ProjectConfigurationPlatforms) = postSolution
		{3AB69BCA-1AA9-4635-981D-6DDAED355138}.Debug|Any CPU.ActiveCfg = Debug|Any CPU
		{3AB69BCA-1AA9-4635-981D-6DDAED355138}.Debug|Any CPU.Build.0 = Debug|Any CPU
		{3AB69BCA-1AA9-4635-981D-6DDAED355138}.Release|Any CPU.ActiveCfg = Release|Any CPU
		{3AB69BCA-1AA9-4635-981D-6DDAED355138}.Release|Any CPU.Build.0 = Release|Any CPU
		{23BE6DEB-8712-407B-B332-A0A83DE70180}.Debug|Any CPU.ActiveCfg = Debug|Any CPU
		{23BE6DEB-8712-407B-B332-A0A83DE70180}.Debug|Any CPU.Build.0 = Debug|Any CPU
		{23BE6DEB-8712-407B-B332-A0A83DE70180}.Release|Any CPU.ActiveCfg = Release|Any CPU
		{23BE6DEB-8712-407B-B332-A0A83DE70180}.Release|Any CPU.Build.0 = Release|Any CPU
	EndGlobalSection
	GlobalSection(SolutionProperties) = preSolution
		HideSolutionNode = FALSE
	EndGlobalSection
	GlobalSection(ExtensibilityGlobals) = postSolution
		SolutionGuid = {CE6FF311-4BBD-4D19-8C13-03081D590EB1}
	EndGlobalSection
EndGlobal
