
Microsoft Visual Studio Solution File, Format Version 12.00
# Visual Studio 15
VisualStudioVersion = 15.0.27703.2018
MinimumVisualStudioVersion = 10.0.40219.1
Project("{FAE04EC0-301F-11D3-BF4B-00C04F79EFBC}") = "Vic.CSharp.Week3.AlexGao", "Vic.CSharp.Week3.AlexGao\Vic.CSharp.Week3.AlexGao.csproj", "{FB051BC9-5500-45A7-B79E-01F73FCC113B}"
EndProject
Project("{FAE04EC0-301F-11D3-BF4B-00C04F79EFBC}") = "ClassLibraryProjectWeek3", "ClassLibraryProjectWeek3\ClassLibraryProjectWeek3.csproj", "{81939A98-AA37-4841-8757-E8F7D215C5CB}"
EndProject
Global
	GlobalSection(SolutionConfigurationPlatforms) = preSolution
		Debug|Any CPU = Debug|Any CPU
		Release|Any CPU = Release|Any CPU
	EndGlobalSection
	GlobalSection(ProjectConfigurationPlatforms) = postSolution
		{FB051BC9-5500-45A7-B79E-01F73FCC113B}.Debug|Any CPU.ActiveCfg = Debug|Any CPU
		{FB051BC9-5500-45A7-B79E-01F73FCC113B}.Debug|Any CPU.Build.0 = Debug|Any CPU
		{FB051BC9-5500-45A7-B79E-01F73FCC113B}.Release|Any CPU.ActiveCfg = Release|Any CPU
		{FB051BC9-5500-45A7-B79E-01F73FCC113B}.Release|Any CPU.Build.0 = Release|Any CPU
		{81939A98-AA37-4841-8757-E8F7D215C5CB}.Debug|Any CPU.ActiveCfg = Debug|Any CPU
		{81939A98-AA37-4841-8757-E8F7D215C5CB}.Debug|Any CPU.Build.0 = Debug|Any CPU
		{81939A98-AA37-4841-8757-E8F7D215C5CB}.Release|Any CPU.ActiveCfg = Release|Any CPU
		{81939A98-AA37-4841-8757-E8F7D215C5CB}.Release|Any CPU.Build.0 = Release|Any CPU
	EndGlobalSection
	GlobalSection(SolutionProperties) = preSolution
		HideSolutionNode = FALSE
	EndGlobalSection
	GlobalSection(ExtensibilityGlobals) = postSolution
		SolutionGuid = {44994F69-AA04-421C-95A0-95BDE2B7BE4C}
	EndGlobalSection
EndGlobal
